
Microsoft Visual Studio Solution File, Format Version 12.00
# Visual Studio Version 17
VisualStudioVersion = 17.9.34701.34
MinimumVisualStudioVersion = 10.0.40219.1
Project("{FAE04EC0-301F-11D3-BF4B-00C04F79EFBC}") = "Ecomerce", "Ecomerce\Ecomerce.csproj", "{F21BA8BC-133F-4EDB-9B94-BB51B2504C43}"
EndProject
Global
	GlobalSection(SolutionConfigurationPlatforms) = preSolution
		Debug|Any CPU = Debug|Any CPU
		Release|Any CPU = Release|Any CPU
	EndGlobalSection
	GlobalSection(ProjectConfigurationPlatforms) = postSolution
		{F21BA8BC-133F-4EDB-9B94-BB51B2504C43}.Debug|Any CPU.ActiveCfg = Debug|Any CPU
		{F21BA8BC-133F-4EDB-9B94-BB51B2504C43}.Debug|Any CPU.Build.0 = Debug|Any CPU
		{F21BA8BC-133F-4EDB-9B94-BB51B2504C43}.Release|Any CPU.ActiveCfg = Release|Any CPU
		{F21BA8BC-133F-4EDB-9B94-BB51B2504C43}.Release|Any CPU.Build.0 = Release|Any CPU
	EndGlobalSection
	GlobalSection(SolutionProperties) = preSolution
		HideSolutionNode = FALSE
	EndGlobalSection
	GlobalSection(ExtensibilityGlobals) = postSolution
		SolutionGuid = {2D969490-C2F4-48EA-9866-84956EA7F61F}
	EndGlobalSection
EndGlobal
