
Microsoft Visual Studio Solution File, Format Version 12.00
# Visual Studio Version 17
VisualStudioVersion = 17.11.35327.3
MinimumVisualStudioVersion = 10.0.40219.1
Project("{FAE04EC0-301F-11D3-BF4B-00C04F79EFBC}") = "WpfApp6", "WpfApp6\WpfApp6.csproj", "{5614164B-B099-4E14-AAF7-6771A737E39E}"
EndProject
Global
	GlobalSection(SolutionConfigurationPlatforms) = preSolution
		Debug|Any CPU = Debug|Any CPU
		Release|Any CPU = Release|Any CPU
	EndGlobalSection
	GlobalSection(ProjectConfigurationPlatforms) = postSolution
		{5614164B-B099-4E14-AAF7-6771A737E39E}.Debug|Any CPU.ActiveCfg = Debug|Any CPU
		{5614164B-B099-4E14-AAF7-6771A737E39E}.Debug|Any CPU.Build.0 = Debug|Any CPU
		{5614164B-B099-4E14-AAF7-6771A737E39E}.Release|Any CPU.ActiveCfg = Release|Any CPU
		{5614164B-B099-4E14-AAF7-6771A737E39E}.Release|Any CPU.Build.0 = Release|Any CPU
	EndGlobalSection
	GlobalSection(SolutionProperties) = preSolution
		HideSolutionNode = FALSE
	EndGlobalSection
	GlobalSection(ExtensibilityGlobals) = postSolution
		SolutionGuid = {68670861-2973-499A-BA7D-208B8DC5A908}
	EndGlobalSection
EndGlobal
